// !$*UTF8*$!
{archiveVersion = 1; classes = {}; objectVersion = 56; objects = {
D7A4D4FC9FC0EE2019B187D7 = {isa = PBXFileReference; lastKnownFileType = sourcecode.swift; path = "msgblast/App/AgentGridModel.swift"; sourceTree = SOURCE_ROOT;};
50FD621207C2A05E7469B785 = {isa = PBXFileReference; lastKnownFileType = sourcecode.swift; path = "msgblast/App/AppModel.swift"; sourceTree = SOURCE_ROOT;};
4A2B9C22C5392382E840AF42 = {isa = PBXFileReference; lastKnownFileType = sourcecode.swift; path = "msgblast/App/AppUpdater.swift"; sourceTree = SOURCE_ROOT;};
E5AEF6CED57F36091A5785A5 = {isa = PBXFileReference; lastKnownFileType = sourcecode.swift; path = "msgblast/App/AttachmentDelivery.swift"; sourceTree = SOURCE_ROOT;};
34CB39D66EE817644FD580CE = {isa = PBXFileReference; lastKnownFileType = sourcecode.swift; path = "msgblast/App/FeedbackFacts.swift"; sourceTree = SOURCE_ROOT;};
61DF0325B867536896F6E7C5 = {isa = PBXFileReference; lastKnownFileType = sourcecode.swift; path = "msgblast/App/OnboardingController.swift"; sourceTree = SOURCE_ROOT;};
E724F849C53BD597E1EBA337 = {isa = PBXFileReference; lastKnownFileType = sourcecode.swift; path = "msgblast/App/PersonalAgentController.swift"; sourceTree = SOURCE_ROOT;};
2EE52E0412C81FC93240740E = {isa = PBXFileReference; lastKnownFileType = sourcecode.swift; path = "msgblast/App/UpdateProbe.swift"; sourceTree = SOURCE_ROOT;};
80C5A215BA7BC0DD289D0DCD = {isa = PBXFileReference; lastKnownFileType = sourcecode.swift; path = "msgblast/App/msgblastApp.swift"; sourceTree = SOURCE_ROOT;};
191FB0271FA24A4D89F1A417 = {isa = PBXFileReference; lastKnownFileType = sourcecode.swift; path = "msgblast/Contacts/ContactSearch.swift"; sourceTree = SOURCE_ROOT;};
D5CC1D6D0D7CE123A74506AA = {isa = PBXFileReference; lastKnownFileType = sourcecode.swift; path = "msgblast/Core/AgentGrid.swift"; sourceTree = SOURCE_ROOT;};
5EB280E5457C2175F0E3AF26 = {isa = PBXFileReference; lastKnownFileType = sourcecode.swift; path = "msgblast/Core/AttachmentImport.swift"; sourceTree = SOURCE_ROOT;};
CE7278E030125E1DBD1D1083 = {isa = PBXFileReference; lastKnownFileType = sourcecode.swift; path = "msgblast/Core/AttachmentTextView.swift"; sourceTree = SOURCE_ROOT;};
70253FE69B56405BB50D5D6E = {isa = PBXFileReference; lastKnownFileType = sourcecode.swift; path = "msgblast/Core/Attachments.swift"; sourceTree = SOURCE_ROOT;};
3A81C9A970C9CF9FFA414875 = {isa = PBXFileReference; lastKnownFileType = sourcecode.swift; path = "msgblast/Core/ComparisonSummary.swift"; sourceTree = SOURCE_ROOT;};
B133CB0B4B9C64A8AC450DFA = {isa = PBXFileReference; lastKnownFileType = sourcecode.swift; path = "msgblast/Core/DiagnosticReport.swift"; sourceTree = SOURCE_ROOT;};
8B77AF9807069357E0F99FCC = {isa = PBXFileReference; lastKnownFileType = sourcecode.swift; path = "msgblast/Core/DiscoverCatalog.swift"; sourceTree = SOURCE_ROOT;};
9F653A7A271B958AEE4D3A8F = {isa = PBXFileReference; lastKnownFileType = sourcecode.swift; path = "msgblast/Core/FeedbackSubmission.swift"; sourceTree = SOURCE_ROOT;};
6BE44222C9FA0127B7B4F61C = {isa = PBXFileReference; lastKnownFileType = sourcecode.swift; path = "msgblast/Core/GrokBotCallbackReceiver.swift"; sourceTree = SOURCE_ROOT;};
ADA4FB49B443D105EB3D8E32 = {isa = PBXFileReference; lastKnownFileType = sourcecode.swift; path = "msgblast/Core/GrokBotCredentialVault.swift"; sourceTree = SOURCE_ROOT;};
AC1C61D21EE5DD7EFF472BB3 = {isa = PBXFileReference; lastKnownFileType = sourcecode.swift; path = "msgblast/Core/GrokBotService.swift"; sourceTree = SOURCE_ROOT;};
D6BBE0B2A1949F4D2DCE6375 = {isa = PBXFileReference; lastKnownFileType = sourcecode.swift; path = "msgblast/Core/GrokBotTunnel.swift"; sourceTree = SOURCE_ROOT;};
9CB59F0660A5EFE3B6543570 = {isa = PBXFileReference; lastKnownFileType = sourcecode.swift; path = "msgblast/Core/InstallationLocation.swift"; sourceTree = SOURCE_ROOT;};
ED13511CB456814D0C4EB34B = {isa = PBXFileReference; lastKnownFileType = sourcecode.swift; path = "msgblast/Core/LocalAgentDetection.swift"; sourceTree = SOURCE_ROOT;};
745FF06BD0EDFEAE417537FC = {isa = PBXFileReference; lastKnownFileType = sourcecode.swift; path = "msgblast/Core/LocalPersonalAgent.swift"; sourceTree = SOURCE_ROOT;};
B1B3712D0847F796206AA113 = {isa = PBXFileReference; lastKnownFileType = sourcecode.swift; path = "msgblast/Core/MessagesDatabase.swift"; sourceTree = SOURCE_ROOT;};
1E32E56E3C228C531AB73CE4 = {isa = PBXFileReference; lastKnownFileType = sourcecode.swift; path = "msgblast/Core/Models.swift"; sourceTree = SOURCE_ROOT;};
5C66FE8175F8057FD65BB904 = {isa = PBXFileReference; lastKnownFileType = sourcecode.swift; path = "msgblast/Core/MusePageScript.swift"; sourceTree = SOURCE_ROOT;};
3DDE9B47E6E256798D9B3E03 = {isa = PBXFileReference; lastKnownFileType = sourcecode.swift; path = "msgblast/Core/Onboarding.swift"; sourceTree = SOURCE_ROOT;};
CEB05966603EAAD366755F86 = {isa = PBXFileReference; lastKnownFileType = sourcecode.swift; path = "msgblast/Core/PermissionHandoff.swift"; sourceTree = SOURCE_ROOT;};
61ABFE92B9AC96BF007F6174 = {isa = PBXFileReference; lastKnownFileType = sourcecode.swift; path = "msgblast/Core/ReleaseHistory.swift"; sourceTree = SOURCE_ROOT;};
7ECEA1012F48F1334F8FBE0C = {isa = PBXFileReference; lastKnownFileType = sourcecode.swift; path = "msgblast/Core/Routing.swift"; sourceTree = SOURCE_ROOT;};
ED4373C0D7EAA1F07E101C25 = {isa = PBXFileReference; lastKnownFileType = sourcecode.swift; path = "msgblast/Core/UpdateConfiguration.swift"; sourceTree = SOURCE_ROOT;};
14A57A5F160D3E5F79385673 = {isa = PBXFileReference; lastKnownFileType = sourcecode.swift; path = "msgblast/Core/UpdateTermination.swift"; sourceTree = SOURCE_ROOT;};
60A2F1181583522D67220E8D = {isa = PBXFileReference; lastKnownFileType = sourcecode.swift; path = "msgblast/Core/WebAgentSession.swift"; sourceTree = SOURCE_ROOT;};
7BE2B6E5E0ED42EC2DCC59A1 = {isa = PBXFileReference; lastKnownFileType = sourcecode.swift; path = "msgblast/Core/WebAgents.swift"; sourceTree = SOURCE_ROOT;};
EC298DDE6F205056FD82E5CD = {isa = PBXFileReference; lastKnownFileType = sourcecode.swift; path = "msgblast/Core/WebPageScript.swift"; sourceTree = SOURCE_ROOT;};
9CD8E6078E80E064A580860C = {isa = PBXFileReference; lastKnownFileType = sourcecode.swift; path = "msgblast/Core/WebProvider.swift"; sourceTree = SOURCE_ROOT;};
0B78960063DF02D03D1C1BA2 = {isa = PBXFileReference; lastKnownFileType = sourcecode.swift; path = "msgblast/Core/WebServices.swift"; sourceTree = SOURCE_ROOT;};
CD80FF9A7E9A8E1D4D4D66CC = {isa = PBXFileReference; lastKnownFileType = sourcecode.swift; path = "msgblast/Messages/MessageSender.swift"; sourceTree = SOURCE_ROOT;};
DDD45A98644E445D7CA90679 = {isa = PBXFileReference; lastKnownFileType = sourcecode.swift; path = "msgblast/Permissions/MessagesAccessGuide.swift"; sourceTree = SOURCE_ROOT;};
16AE972F90E199826C28B21B = {isa = PBXFileReference; lastKnownFileType = sourcecode.swift; path = "msgblast/Storage/LocalStore.swift"; sourceTree = SOURCE_ROOT;};
1805C406896A5704F1FCB5F9 = {isa = PBXFileReference; lastKnownFileType = sourcecode.swift; path = "msgblast/Windows/AgentArtwork.swift"; sourceTree = SOURCE_ROOT;};
7380279BB81922E9DF29991D = {isa = PBXFileReference; lastKnownFileType = sourcecode.swift; path = "msgblast/Windows/AgentGridView.swift"; sourceTree = SOURCE_ROOT;};
29CD3EA34BC60AB3DB352753 = {isa = PBXFileReference; lastKnownFileType = sourcecode.swift; path = "msgblast/Windows/AttachmentViews.swift"; sourceTree = SOURCE_ROOT;};
C4775B9849CFD494BA3665B1 = {isa = PBXFileReference; lastKnownFileType = sourcecode.swift; path = "msgblast/Windows/DiscoverView.swift"; sourceTree = SOURCE_ROOT;};
4E5C27847F2D6AF4C6EDA923 = {isa = PBXFileReference; lastKnownFileType = sourcecode.swift; path = "msgblast/Windows/FeedbackView.swift"; sourceTree = SOURCE_ROOT;};
8DF1ECA6FF6F2356CFB1FEB0 = {isa = PBXFileReference; lastKnownFileType = sourcecode.swift; path = "msgblast/Windows/GrokBotSettingsView.swift"; sourceTree = SOURCE_ROOT;};
D5A17691C10472C16BE23720 = {isa = PBXFileReference; lastKnownFileType = sourcecode.swift; path = "msgblast/Windows/InstallationView.swift"; sourceTree = SOURCE_ROOT;};
E9E0A1DC7F28774894F190AE = {isa = PBXFileReference; lastKnownFileType = sourcecode.swift; path = "msgblast/Windows/MessageEditor.swift"; sourceTree = SOURCE_ROOT;};
0706F203EF08873D56586632 = {isa = PBXFileReference; lastKnownFileType = sourcecode.swift; path = "msgblast/Windows/OnboardingView.swift"; sourceTree = SOURCE_ROOT;};
9160484CE55DD8DA7B9F6299 = {isa = PBXFileReference; lastKnownFileType = sourcecode.swift; path = "msgblast/Windows/PersonalAgentView.swift"; sourceTree = SOURCE_ROOT;};
6C13233EE7D06E20E688CB0F = {isa = PBXFileReference; lastKnownFileType = sourcecode.swift; path = "msgblast/Windows/RichMessageViews.swift"; sourceTree = SOURCE_ROOT;};
A2AB30F40BD201CE987F16FE = {isa = PBXFileReference; lastKnownFileType = sourcecode.swift; path = "msgblast/Windows/Views.swift"; sourceTree = SOURCE_ROOT;};
07815C9EAD671A8EB9DA60E0 = {isa = PBXFileReference; lastKnownFileType = sourcecode.swift; path = "msgblast/Windows/WebServicesView.swift"; sourceTree = SOURCE_ROOT;};
3A6CF5048DFD6E818C3DDC2F = {isa = PBXFileReference; lastKnownFileType = sourcecode.swift; path = "msgblast/Windows/WhatsNewView.swift"; sourceTree = SOURCE_ROOT;};
E7C7C19D9E533B856947F4FA = {isa = PBXFileReference; lastKnownFileType = sourcecode.swift; path = "msgblast/Windows/WindowCoordinator.swift"; sourceTree = SOURCE_ROOT;};
89D914019B131B7556C6B526 = {isa = PBXFileReference; lastKnownFileType = sourcecode.swift; path = "msgblastTests/AgentGridTests.swift"; sourceTree = SOURCE_ROOT;};
33A37D50748B1BB452E702CC = {isa = PBXFileReference; lastKnownFileType = sourcecode.swift; path = "msgblastTests/AttachmentTests.swift"; sourceTree = SOURCE_ROOT;};
4C9924279097AA4AEBE9B5BA = {isa = PBXFileReference; lastKnownFileType = sourcecode.swift; path = "msgblastTests/CoreTests.swift"; sourceTree = SOURCE_ROOT;};
0293347D36D623F7E45358EF = {isa = PBXFileReference; lastKnownFileType = sourcecode.swift; path = "msgblastTests/DiagnosticReportTests.swift"; sourceTree = SOURCE_ROOT;};
9CFDAF9A9ADA22FE9ECB09D2 = {isa = PBXFileReference; lastKnownFileType = sourcecode.swift; path = "msgblastTests/DiscoverTests.swift"; sourceTree = SOURCE_ROOT;};
652D413485F67D18167BC12E = {isa = PBXFileReference; lastKnownFileType = sourcecode.swift; path = "msgblastTests/FeedbackSubmissionTests.swift"; sourceTree = SOURCE_ROOT;};
CCF4E96CD0A1CF56F1776752 = {isa = PBXFileReference; lastKnownFileType = sourcecode.swift; path = "msgblastTests/GrokBotTests.swift"; sourceTree = SOURCE_ROOT;};
312B992CC91BA0EEE532C3BA = {isa = PBXFileReference; lastKnownFileType = sourcecode.swift; path = "msgblastTests/InstallationLocationTests.swift"; sourceTree = SOURCE_ROOT;};
EC6CA8A8EEAB32E4B5D1E968 = {isa = PBXFileReference; lastKnownFileType = sourcecode.swift; path = "msgblastTests/LocalAgentDetectionTests.swift"; sourceTree = SOURCE_ROOT;};
746FC838A63857447A7EA5C4 = {isa = PBXFileReference; lastKnownFileType = sourcecode.swift; path = "msgblastTests/MessagesDatabaseTests.swift"; sourceTree = SOURCE_ROOT;};
6D67A3A5E6CD75F2AACE3FE6 = {isa = PBXFileReference; lastKnownFileType = sourcecode.swift; path = "msgblastTests/MultiWebAgentTests.swift"; sourceTree = SOURCE_ROOT;};
543F43FD51F2F2C1E5DE987B = {isa = PBXFileReference; lastKnownFileType = sourcecode.swift; path = "msgblastTests/OnboardingTests.swift"; sourceTree = SOURCE_ROOT;};
ED718EB23A108A769F5F92F6 = {isa = PBXFileReference; lastKnownFileType = sourcecode.swift; path = "msgblastTests/PermissionGuideLifecycleTests.swift"; sourceTree = SOURCE_ROOT;};
A66DC530F3B191E89AD1CB05 = {isa = PBXFileReference; lastKnownFileType = sourcecode.swift; path = "msgblastTests/PermissionHandoffTests.swift"; sourceTree = SOURCE_ROOT;};
19FBED5E8635A647D5BA5B6F = {isa = PBXFileReference; lastKnownFileType = sourcecode.swift; path = "msgblastTests/PersonalAgentTests.swift"; sourceTree = SOURCE_ROOT;};
21971FBC2651B3218CA1FD52 = {isa = PBXFileReference; lastKnownFileType = sourcecode.swift; path = "msgblastTests/UpdateTests.swift"; sourceTree = SOURCE_ROOT;};
F14BA732D868C56B2CD88526 = {isa = PBXFileReference; lastKnownFileType = sourcecode.swift; path = "msgblastTests/WebServiceTests.swift"; sourceTree = SOURCE_ROOT;};
29C749307686B0DDC0B001B3 = {isa = PBXFileReference; lastKnownFileType = sourcecode.swift; path = "msgblastUITests/AgentGridWorkflowTests.swift"; sourceTree = SOURCE_ROOT;};
90C18DC964260BE67B46585D = {isa = PBXFileReference; lastKnownFileType = sourcecode.swift; path = "msgblastUITests/OnboardingWorkflowTests.swift"; sourceTree = SOURCE_ROOT;};
59B272F42E8C0109CA5B256A = {isa = PBXFileReference; lastKnownFileType = sourcecode.swift; path = "msgblastUITests/WebServiceWorkflowTests.swift"; sourceTree = SOURCE_ROOT;};
51192248A824A3F35C8A9065 = {isa = PBXFileReference; lastKnownFileType = sourcecode.swift; path = "msgblastUITests/WorkflowTests.swift"; sourceTree = SOURCE_ROOT;};
F8B37186820B4024E38F1A89 = {isa = PBXFileReference; lastKnownFileType = folder.iconcomposer.icon; path = "msgblast/AppIcon.icon"; sourceTree = SOURCE_ROOT;};
411E26AA06E4DF091518079D = {isa = PBXFileReference; lastKnownFileType = folder.iconcomposer.icon; path = "msgblast/AppIconDemo.icon"; sourceTree = SOURCE_ROOT;};
2B53A31151B77832EFC3EC0F = {isa = PBXFileReference; lastKnownFileType = text; path = "msgblast/ThirdPartyNotices.txt"; sourceTree = SOURCE_ROOT;};
A61561E4C34961E7A3EC81CF = {isa = PBXFileReference; lastKnownFileType = folder; path = "msgblast/Resources/Discover"; sourceTree = SOURCE_ROOT;};
983E8DB00D14F7B65282148F = {isa = PBXFileReference; lastKnownFileType = image.jpeg; path = "msgblast/Resources/MuseAvatar.jpg"; sourceTree = SOURCE_ROOT;};
FCD192FE1625FC04D8A2C027 = {isa = PBXFileReference; lastKnownFileType = folder; path = "msgblast/Resources/WebAgentIcons"; sourceTree = SOURCE_ROOT;};
497A1A8537E7E4562C09A5F2 = {isa = PBXFileReference; lastKnownFileType = folder; path = "msgblast/Resources/Onboarding"; sourceTree = SOURCE_ROOT;};
F55CE9C36BF6D4442ED4DAC8 = {isa = PBXFileReference; lastKnownFileType = folder; path = "release-notes"; sourceTree = SOURCE_ROOT;};
60AE1D3107D1C144FDCCA133 = {isa = PBXFileReference; lastKnownFileType = text.json; path = "scripts/cloudflared.json"; sourceTree = SOURCE_ROOT;};
F96E7419EDEF3660B8F1D349 = {isa = PBXFileReference; lastKnownFileType = text; path = "msgblast/Resources/CloudflaredNotices.txt"; sourceTree = SOURCE_ROOT;};
320F7ADF62C925B04D88E7B6 = {isa = PBXFileReference; explicitFileType = wrapper.framework; path = msgblastCore.framework; sourceTree = BUILT_PRODUCTS_DIR;};
FDA8B0871D0399325B3A83EC = {isa = PBXFileReference; explicitFileType = wrapper.application; path = msgblast.app; sourceTree = BUILT_PRODUCTS_DIR;};
31EB697C4B367509EECA8398 = {isa = PBXFileReference; explicitFileType = wrapper.cfbundle; path = msgblastTests.xctest; sourceTree = BUILT_PRODUCTS_DIR;};
8DC9C3D3D4760AA656E69F92 = {isa = PBXFileReference; explicitFileType = wrapper.cfbundle; path = msgblastUITests.xctest; sourceTree = BUILT_PRODUCTS_DIR;};
FBDC4F23F93125BBEEAE800C = {isa = PBXGroup; name = Products; sourceTree = "<group>"; children = (320F7ADF62C925B04D88E7B6, FDA8B0871D0399325B3A83EC, 31EB697C4B367509EECA8398, 8DC9C3D3D4760AA656E69F92,);};
E50290A24C49A459B43487C5 = {isa = PBXGroup; sourceTree = "<group>"; children = (D7A4D4FC9FC0EE2019B187D7, 50FD621207C2A05E7469B785, 4A2B9C22C5392382E840AF42, E5AEF6CED57F36091A5785A5, 34CB39D66EE817644FD580CE, 61DF0325B867536896F6E7C5, E724F849C53BD597E1EBA337, 2EE52E0412C81FC93240740E, 80C5A215BA7BC0DD289D0DCD, 191FB0271FA24A4D89F1A417, D5CC1D6D0D7CE123A74506AA, 5EB280E5457C2175F0E3AF26, CE7278E030125E1DBD1D1083, 70253FE69B56405BB50D5D6E, 3A81C9A970C9CF9FFA414875, B133CB0B4B9C64A8AC450DFA, 8B77AF9807069357E0F99FCC, 9F653A7A271B958AEE4D3A8F, 6BE44222C9FA0127B7B4F61C, ADA4FB49B443D105EB3D8E32, AC1C61D21EE5DD7EFF472BB3, D6BBE0B2A1949F4D2DCE6375, 9CB59F0660A5EFE3B6543570, ED13511CB456814D0C4EB34B, 745FF06BD0EDFEAE417537FC, B1B3712D0847F796206AA113, 1E32E56E3C228C531AB73CE4, 5C66FE8175F8057FD65BB904, 3DDE9B47E6E256798D9B3E03, CEB05966603EAAD366755F86, 61ABFE92B9AC96BF007F6174, 7ECEA1012F48F1334F8FBE0C, ED4373C0D7EAA1F07E101C25, 14A57A5F160D3E5F79385673, 60A2F1181583522D67220E8D, 7BE2B6E5E0ED42EC2DCC59A1, EC298DDE6F205056FD82E5CD, 9CD8E6078E80E064A580860C, 0B78960063DF02D03D1C1BA2, CD80FF9A7E9A8E1D4D4D66CC, DDD45A98644E445D7CA90679, 16AE972F90E199826C28B21B, 1805C406896A5704F1FCB5F9, 7380279BB81922E9DF29991D, 29CD3EA34BC60AB3DB352753, C4775B9849CFD494BA3665B1, 4E5C27847F2D6AF4C6EDA923, 8DF1ECA6FF6F2356CFB1FEB0, D5A17691C10472C16BE23720, E9E0A1DC7F28774894F190AE, 0706F203EF08873D56586632, 9160484CE55DD8DA7B9F6299, 6C13233EE7D06E20E688CB0F, A2AB30F40BD201CE987F16FE, 07815C9EAD671A8EB9DA60E0, 3A6CF5048DFD6E818C3DDC2F, E7C7C19D9E533B856947F4FA, 89D914019B131B7556C6B526, 33A37D50748B1BB452E702CC, 4C9924279097AA4AEBE9B5BA, 0293347D36D623F7E45358EF, 9CFDAF9A9ADA22FE9ECB09D2, 652D413485F67D18167BC12E, CCF4E96CD0A1CF56F1776752, 312B992CC91BA0EEE532C3BA, EC6CA8A8EEAB32E4B5D1E968, 746FC838A63857447A7EA5C4, 6D67A3A5E6CD75F2AACE3FE6, 543F43FD51F2F2C1E5DE987B, ED718EB23A108A769F5F92F6, A66DC530F3B191E89AD1CB05, 19FBED5E8635A647D5BA5B6F, 21971FBC2651B3218CA1FD52, F14BA732D868C56B2CD88526, 29C749307686B0DDC0B001B3, 90C18DC964260BE67B46585D, 59B272F42E8C0109CA5B256A, 51192248A824A3F35C8A9065, F8B37186820B4024E38F1A89, 411E26AA06E4DF091518079D, 2B53A31151B77832EFC3EC0F, A61561E4C34961E7A3EC81CF, 983E8DB00D14F7B65282148F, FCD192FE1625FC04D8A2C027, 497A1A8537E7E4562C09A5F2, F55CE9C36BF6D4442ED4DAC8, 60AE1D3107D1C144FDCCA133, F96E7419EDEF3660B8F1D349, FBDC4F23F93125BBEEAE800C,);};
C6DA1B2433073F83FF5C5BF4 = {isa = XCRemoteSwiftPackageReference; repositoryURL = "https://github.com/sparkle-project/Sparkle"; requirement = {kind = exactVersion; version = 2.10.0;};};
018A88811128075285F71CF5 = {isa = XCSwiftPackageProductDependency; package = C6DA1B2433073F83FF5C5BF4; productName = Sparkle;};
85F8F2852797669E4CA3AB50 = {isa = PBXBuildFile; fileRef = D5CC1D6D0D7CE123A74506AA;};
656E78A88A16C85344A8586F = {isa = PBXBuildFile; fileRef = 5EB280E5457C2175F0E3AF26;};
1D75C355CC81CC0A1537E6F5 = {isa = PBXBuildFile; fileRef = CE7278E030125E1DBD1D1083;};
36706DF20BCBBA3F2ACA9D71 = {isa = PBXBuildFile; fileRef = 70253FE69B56405BB50D5D6E;};
F185599DD0498D26DDCC67F1 = {isa = PBXBuildFile; fileRef = 3A81C9A970C9CF9FFA414875;};
5975B7D5F8D5ED056826227D = {isa = PBXBuildFile; fileRef = B133CB0B4B9C64A8AC450DFA;};
966B47BC8A4AC69DCB60A427 = {isa = PBXBuildFile; fileRef = 8B77AF9807069357E0F99FCC;};
06C9F80E088298077E5B4360 = {isa = PBXBuildFile; fileRef = 9F653A7A271B958AEE4D3A8F;};
EB97CF19AAD9EDF6DD45E74B = {isa = PBXBuildFile; fileRef = 6BE44222C9FA0127B7B4F61C;};
06EE70A60D3A40738F1B602F = {isa = PBXBuildFile; fileRef = ADA4FB49B443D105EB3D8E32;};
365BE0394E1DA527F69A2C38 = {isa = PBXBuildFile; fileRef = AC1C61D21EE5DD7EFF472BB3;};
44D909402E9A8AFBC5B7C616 = {isa = PBXBuildFile; fileRef = D6BBE0B2A1949F4D2DCE6375;};
DABDDE8163958D1CE72EDB78 = {isa = PBXBuildFile; fileRef = 9CB59F0660A5EFE3B6543570;};
962E091E668C3BAEAB057BF2 = {isa = PBXBuildFile; fileRef = ED13511CB456814D0C4EB34B;};
D51D6722D5CD57BF3A94559F = {isa = PBXBuildFile; fileRef = 745FF06BD0EDFEAE417537FC;};
538D275C22459DE3B1925818 = {isa = PBXBuildFile; fileRef = B1B3712D0847F796206AA113;};
A6A42FC9B5277DB68F07138D = {isa = PBXBuildFile; fileRef = 1E32E56E3C228C531AB73CE4;};
3399F86DC113B74F833887F3 = {isa = PBXBuildFile; fileRef = 5C66FE8175F8057FD65BB904;};
7AA7AB115104826BE9B75EFA = {isa = PBXBuildFile; fileRef = 3DDE9B47E6E256798D9B3E03;};
5CE14AF678F5F31574C580C6 = {isa = PBXBuildFile; fileRef = CEB05966603EAAD366755F86;};
30AC47D8ECADA8392C2D13B1 = {isa = PBXBuildFile; fileRef = 61ABFE92B9AC96BF007F6174;};
61873DA7B0E6470D51BC2FEA = {isa = PBXBuildFile; fileRef = 7ECEA1012F48F1334F8FBE0C;};
960A40D33003A60D5FAF403A = {isa = PBXBuildFile; fileRef = ED4373C0D7EAA1F07E101C25;};
FB764B074BB4D54F78607A6B = {isa = PBXBuildFile; fileRef = 14A57A5F160D3E5F79385673;};
45E017F9B0454789991E62AE = {isa = PBXBuildFile; fileRef = 60A2F1181583522D67220E8D;};
6B5356F20844DFD61F6F13B1 = {isa = PBXBuildFile; fileRef = 7BE2B6E5E0ED42EC2DCC59A1;};
65DCD34BB6B3E42279F7CAFA = {isa = PBXBuildFile; fileRef = EC298DDE6F205056FD82E5CD;};
10C46BCBDC0F841E192941AD = {isa = PBXBuildFile; fileRef = 9CD8E6078E80E064A580860C;};
06A5E7DD93524A18C2BB896A = {isa = PBXBuildFile; fileRef = 0B78960063DF02D03D1C1BA2;};
99F5A0623F96648664FF29FF = {isa = PBXSourcesBuildPhase; buildActionMask = 2147483647; files = (85F8F2852797669E4CA3AB50, 656E78A88A16C85344A8586F, 1D75C355CC81CC0A1537E6F5, 36706DF20BCBBA3F2ACA9D71, F185599DD0498D26DDCC67F1, 5975B7D5F8D5ED056826227D, 966B47BC8A4AC69DCB60A427, 06C9F80E088298077E5B4360, EB97CF19AAD9EDF6DD45E74B, 06EE70A60D3A40738F1B602F, 365BE0394E1DA527F69A2C38, 44D909402E9A8AFBC5B7C616, DABDDE8163958D1CE72EDB78, 962E091E668C3BAEAB057BF2, D51D6722D5CD57BF3A94559F, 538D275C22459DE3B1925818, A6A42FC9B5277DB68F07138D, 3399F86DC113B74F833887F3, 7AA7AB115104826BE9B75EFA, 5CE14AF678F5F31574C580C6, 30AC47D8ECADA8392C2D13B1, 61873DA7B0E6470D51BC2FEA, 960A40D33003A60D5FAF403A, FB764B074BB4D54F78607A6B, 45E017F9B0454789991E62AE, 6B5356F20844DFD61F6F13B1, 65DCD34BB6B3E42279F7CAFA, 10C46BCBDC0F841E192941AD, 06A5E7DD93524A18C2BB896A,); runOnlyForDeploymentPostprocessing = 0;};
63B9CF7FB3468572ADD7FE7E = {isa = PBXFrameworksBuildPhase; buildActionMask = 2147483647; files = (); runOnlyForDeploymentPostprocessing = 0;};
6B0BD48D27034C4210BBFA98 = {isa = XCBuildConfiguration; name = Debug; buildSettings = {PRODUCT_NAME = "$(TARGET_NAME)";PRODUCT_BUNDLE_IDENTIFIER = com.msgblast.msgblastCore;MACOSX_DEPLOYMENT_TARGET = 15.0;SWIFT_VERSION = 6.0;CODE_SIGN_STYLE = Automatic;CODE_SIGN_IDENTITY = "-";ENABLE_HARDENED_RUNTIME = NO;ENABLE_TESTABILITY = YES;GENERATE_INFOPLIST_FILE = YES;LD_RUNPATH_SEARCH_PATHS = "$(inherited) @executable_path/../Frameworks @loader_path/../Frameworks";DEFINES_MODULE = YES;DYLIB_INSTALL_NAME_BASE = "@rpath";SKIP_INSTALL = YES;OTHER_LDFLAGS = "$(inherited) -lsqlite3";SWIFT_OPTIMIZATION_LEVEL = "-Onone";SWIFT_ACTIVE_COMPILATION_CONDITIONS = "DEBUG";};};
F712669E6FC9D4519CD68C27 = {isa = XCBuildConfiguration; name = Release; buildSettings = {PRODUCT_NAME = "$(TARGET_NAME)";PRODUCT_BUNDLE_IDENTIFIER = com.msgblast.msgblastCore;MACOSX_DEPLOYMENT_TARGET = 15.0;SWIFT_VERSION = 6.0;CODE_SIGN_STYLE = Automatic;CODE_SIGN_IDENTITY = "-";ENABLE_HARDENED_RUNTIME = NO;ENABLE_TESTABILITY = YES;GENERATE_INFOPLIST_FILE = YES;LD_RUNPATH_SEARCH_PATHS = "$(inherited) @executable_path/../Frameworks @loader_path/../Frameworks";DEFINES_MODULE = YES;DYLIB_INSTALL_NAME_BASE = "@rpath";SKIP_INSTALL = YES;OTHER_LDFLAGS = "$(inherited) -lsqlite3";SWIFT_OPTIMIZATION_LEVEL = "-O";SWIFT_ACTIVE_COMPILATION_CONDITIONS = "";};};
E9A83BBBEDECE0FF53067CC6 = {isa = XCConfigurationList; buildConfigurations = (6B0BD48D27034C4210BBFA98, F712669E6FC9D4519CD68C27,); defaultConfigurationIsVisible = 0; defaultConfigurationName = Debug;};
EAAD24DC2567345D6BC01C1D = {isa = PBXNativeTarget; name = msgblastCore; productName = msgblastCore; productReference = 320F7ADF62C925B04D88E7B6; productType = "com.apple.product-type.framework"; buildConfigurationList = E9A83BBBEDECE0FF53067CC6; buildPhases = (99F5A0623F96648664FF29FF, 63B9CF7FB3468572ADD7FE7E,); buildRules = (); dependencies = (); packageProductDependencies = ();};
999F7B725A17C9012496180E = {isa = PBXBuildFile; fileRef = D7A4D4FC9FC0EE2019B187D7;};
FCF9985673C3454D935A87FC = {isa = PBXBuildFile; fileRef = 50FD621207C2A05E7469B785;};
6442F524E8B15855467CE0CC = {isa = PBXBuildFile; fileRef = 4A2B9C22C5392382E840AF42;};
E0C6C2177B803E8ED0443EEA = {isa = PBXBuildFile; fileRef = E5AEF6CED57F36091A5785A5;};
1B25611FA8272A9A7438F584 = {isa = PBXBuildFile; fileRef = 34CB39D66EE817644FD580CE;};
C4B2FE6F5186F25CED0A5F5D = {isa = PBXBuildFile; fileRef = 61DF0325B867536896F6E7C5;};
DF5C76492C8C3F52DA4CF5EF = {isa = PBXBuildFile; fileRef = E724F849C53BD597E1EBA337;};
B83EFE1C017DC2638F711E8D = {isa = PBXBuildFile; fileRef = 2EE52E0412C81FC93240740E;};
C92780A7908E34A74C51C26E = {isa = PBXBuildFile; fileRef = 80C5A215BA7BC0DD289D0DCD;};
D9AD475BD0426600B5CC84DF = {isa = PBXBuildFile; fileRef = 191FB0271FA24A4D89F1A417;};
E3AFC6AA89B1101E8533F695 = {isa = PBXBuildFile; fileRef = CD80FF9A7E9A8E1D4D4D66CC;};
4AAF3D03DFBBE7DC1C5A2253 = {isa = PBXBuildFile; fileRef = DDD45A98644E445D7CA90679;};
6B2497FBAF4E22A91D2FB6E4 = {isa = PBXBuildFile; fileRef = 16AE972F90E199826C28B21B;};
3A3ABAFC231CBA16BA6C7208 = {isa = PBXBuildFile; fileRef = 1805C406896A5704F1FCB5F9;};
58C81F1A41AD140826A7458D = {isa = PBXBuildFile; fileRef = 7380279BB81922E9DF29991D;};
C301B66E88A548F7AAE795C3 = {isa = PBXBuildFile; fileRef = 29CD3EA34BC60AB3DB352753;};
B5473DBD69A853FE3D7C826D = {isa = PBXBuildFile; fileRef = C4775B9849CFD494BA3665B1;};
AF13100C87C5474939EE5128 = {isa = PBXBuildFile; fileRef = 4E5C27847F2D6AF4C6EDA923;};
334DAF6684E5DD8B737711BB = {isa = PBXBuildFile; fileRef = 8DF1ECA6FF6F2356CFB1FEB0;};
FE372B3A610670DE4D9692A2 = {isa = PBXBuildFile; fileRef = D5A17691C10472C16BE23720;};
5BA34C859D1873FD804F6AAC = {isa = PBXBuildFile; fileRef = E9E0A1DC7F28774894F190AE;};
11683CA2DBA3D7D50337FED8 = {isa = PBXBuildFile; fileRef = 0706F203EF08873D56586632;};
3851F696A6D301AD6EAFAD0C = {isa = PBXBuildFile; fileRef = 9160484CE55DD8DA7B9F6299;};
06392588964C011900F3ACEB = {isa = PBXBuildFile; fileRef = 6C13233EE7D06E20E688CB0F;};
3C7DBB0CDD32750F466101EA = {isa = PBXBuildFile; fileRef = A2AB30F40BD201CE987F16FE;};
505B76163B5DBD27DA9E40F6 = {isa = PBXBuildFile; fileRef = 07815C9EAD671A8EB9DA60E0;};
934E8A08B2CF63566AE2225B = {isa = PBXBuildFile; fileRef = 3A6CF5048DFD6E818C3DDC2F;};
64B7467F3BD78ADDE106A71F = {isa = PBXBuildFile; fileRef = E7C7C19D9E533B856947F4FA;};
D9E81552F9CE2190DE745061 = {isa = PBXSourcesBuildPhase; buildActionMask = 2147483647; files = (999F7B725A17C9012496180E, FCF9985673C3454D935A87FC, 6442F524E8B15855467CE0CC, E0C6C2177B803E8ED0443EEA, 1B25611FA8272A9A7438F584, C4B2FE6F5186F25CED0A5F5D, DF5C76492C8C3F52DA4CF5EF, B83EFE1C017DC2638F711E8D, C92780A7908E34A74C51C26E, D9AD475BD0426600B5CC84DF, E3AFC6AA89B1101E8533F695, 4AAF3D03DFBBE7DC1C5A2253, 6B2497FBAF4E22A91D2FB6E4, 3A3ABAFC231CBA16BA6C7208, 58C81F1A41AD140826A7458D, C301B66E88A548F7AAE795C3, B5473DBD69A853FE3D7C826D, AF13100C87C5474939EE5128, 334DAF6684E5DD8B737711BB, FE372B3A610670DE4D9692A2, 5BA34C859D1873FD804F6AAC, 11683CA2DBA3D7D50337FED8, 3851F696A6D301AD6EAFAD0C, 06392588964C011900F3ACEB, 3C7DBB0CDD32750F466101EA, 505B76163B5DBD27DA9E40F6, 934E8A08B2CF63566AE2225B, 64B7467F3BD78ADDE106A71F,); runOnlyForDeploymentPostprocessing = 0;};
98ABF62C0670FDAC6C617807 = {isa = PBXBuildFile; fileRef = 320F7ADF62C925B04D88E7B6;};
9B0471CE230E3CE071941B7A = {isa = PBXTargetDependency; target = EAAD24DC2567345D6BC01C1D;};
24F45D85E82A157525E76377 = {isa = PBXBuildFile; productRef = 018A88811128075285F71CF5;};
0D5DF366A10D684AD2947182 = {isa = PBXFrameworksBuildPhase; buildActionMask = 2147483647; files = (98ABF62C0670FDAC6C617807, 24F45D85E82A157525E76377,); runOnlyForDeploymentPostprocessing = 0;};
8091B948C032A8C12BFC029B = {isa = PBXBuildFile; fileRef = F8B37186820B4024E38F1A89;};
32791D7890B69A1D61A1431F = {isa = PBXBuildFile; fileRef = 411E26AA06E4DF091518079D;};
C821570E2EBE5DAB5F864CF2 = {isa = PBXBuildFile; fileRef = 2B53A31151B77832EFC3EC0F;};
5C9EAF46FEFA1FA289F06EDA = {isa = PBXBuildFile; fileRef = A61561E4C34961E7A3EC81CF;};
BD0BD9050ECC46DF3DE8BA4C = {isa = PBXBuildFile; fileRef = 983E8DB00D14F7B65282148F;};
FC186E2D5A6C525A5F6A02DF = {isa = PBXBuildFile; fileRef = FCD192FE1625FC04D8A2C027;};
A2097B80C64F034686BBEBB7 = {isa = PBXBuildFile; fileRef = 497A1A8537E7E4562C09A5F2;};
EA8D0AD87E4FCA4F44DE6AFB = {isa = PBXBuildFile; fileRef = F55CE9C36BF6D4442ED4DAC8;};
5B42EF026E654A9DB1945529 = {isa = PBXBuildFile; fileRef = 60AE1D3107D1C144FDCCA133;};
0A0D9A84EFD3B95377649EEE = {isa = PBXBuildFile; fileRef = F96E7419EDEF3660B8F1D349;};
364863F9F2E558B0F50473FC = {isa = PBXResourcesBuildPhase; buildActionMask = 2147483647; files = (8091B948C032A8C12BFC029B, 32791D7890B69A1D61A1431F, C821570E2EBE5DAB5F864CF2, 5C9EAF46FEFA1FA289F06EDA, BD0BD9050ECC46DF3DE8BA4C, FC186E2D5A6C525A5F6A02DF, A2097B80C64F034686BBEBB7, EA8D0AD87E4FCA4F44DE6AFB, 5B42EF026E654A9DB1945529, 0A0D9A84EFD3B95377649EEE,); runOnlyForDeploymentPostprocessing = 0;};
EA456C8E3DDF7760B8C943DF = {isa = PBXShellScriptBuildPhase; buildActionMask = 2147483647; files = (); inputPaths = ("$(SRCROOT)/scripts/bundle_cloudflared.py", "$(SRCROOT)/scripts/cloudflared.json",); name = "Bundle pinned cloudflared"; outputPaths = ("$(TARGET_BUILD_DIR)/$(CONTENTS_FOLDER_PATH)/Helpers/cloudflared",); runOnlyForDeploymentPostprocessing = 0; shellPath = /bin/sh; shellScript = "/usr/bin/env python3 \"${SRCROOT}/scripts/bundle_cloudflared.py\" --archs \"${ARCHS}\" --destination \"${TARGET_BUILD_DIR}/${CONTENTS_FOLDER_PATH}/Helpers/cloudflared\" --cache \"${PROJECT_TEMP_DIR}/cloudflared\"";};
91C22378A6911DAFC6F7FA76 = {isa = PBXBuildFile; fileRef = 320F7ADF62C925B04D88E7B6; settings = {ATTRIBUTES = (CodeSignOnCopy, RemoveHeadersOnCopy,);};};
D0C3E73D7193110B326B66C8 = {isa = PBXCopyFilesBuildPhase; buildActionMask = 2147483647; dstPath = ""; dstSubfolderSpec = 10; files = (91C22378A6911DAFC6F7FA76,); name = "Embed Frameworks"; runOnlyForDeploymentPostprocessing = 0;};
9056D02343F961FC8CC72A4D = {isa = XCBuildConfiguration; name = Debug; buildSettings = {PRODUCT_NAME = "$(TARGET_NAME)";PRODUCT_BUNDLE_IDENTIFIER = "$(MSGBLAST_APP_BUNDLE_IDENTIFIER)";MACOSX_DEPLOYMENT_TARGET = 15.0;SWIFT_VERSION = 6.0;CODE_SIGN_STYLE = Automatic;CODE_SIGN_IDENTITY = "-";ENABLE_HARDENED_RUNTIME = YES;ENABLE_TESTABILITY = YES;GENERATE_INFOPLIST_FILE = NO;LD_RUNPATH_SEARCH_PATHS = "$(inherited) @executable_path/../Frameworks @loader_path/../Frameworks";INFOPLIST_FILE = msgblast/Info.plist;CODE_SIGN_ENTITLEMENTS = msgblast/msgblastDebug.entitlements;MSGBLAST_APP_BUNDLE_IDENTIFIER = com.msgblast.mac;ASSETCATALOG_COMPILER_APPICON_NAME = AppIcon;MARKETING_VERSION = 0.4.3;CURRENT_PROJECT_VERSION = 1;SPARKLE_FEED_URL = "";SPARKLE_PUBLIC_ED_KEY = "";SWIFT_OPTIMIZATION_LEVEL = "-Onone";SWIFT_ACTIVE_COMPILATION_CONDITIONS = "DEBUG";};};
EFCEA5DEC030E0F6A2684F7E = {isa = XCBuildConfiguration; name = Release; buildSettings = {PRODUCT_NAME = "$(TARGET_NAME)";PRODUCT_BUNDLE_IDENTIFIER = "$(MSGBLAST_APP_BUNDLE_IDENTIFIER)";MACOSX_DEPLOYMENT_TARGET = 15.0;SWIFT_VERSION = 6.0;CODE_SIGN_STYLE = Automatic;CODE_SIGN_IDENTITY = "-";ENABLE_HARDENED_RUNTIME = YES;ENABLE_TESTABILITY = YES;GENERATE_INFOPLIST_FILE = NO;LD_RUNPATH_SEARCH_PATHS = "$(inherited) @executable_path/../Frameworks @loader_path/../Frameworks";INFOPLIST_FILE = msgblast/Info.plist;CODE_SIGN_ENTITLEMENTS = msgblast/msgblast.entitlements;MSGBLAST_APP_BUNDLE_IDENTIFIER = com.msgblast.mac;ASSETCATALOG_COMPILER_APPICON_NAME = AppIcon;MARKETING_VERSION = 0.4.3;CURRENT_PROJECT_VERSION = 1;SPARKLE_FEED_URL = "";SPARKLE_PUBLIC_ED_KEY = "";SWIFT_OPTIMIZATION_LEVEL = "-O";SWIFT_ACTIVE_COMPILATION_CONDITIONS = "";};};
FE818DB7AB238D08C20510CD = {isa = XCConfigurationList; buildConfigurations = (9056D02343F961FC8CC72A4D, EFCEA5DEC030E0F6A2684F7E,); defaultConfigurationIsVisible = 0; defaultConfigurationName = Debug;};
BF93C0AF741487E6F52B0860 = {isa = PBXNativeTarget; name = msgblast; productName = msgblast; productReference = FDA8B0871D0399325B3A83EC; productType = "com.apple.product-type.application"; buildConfigurationList = FE818DB7AB238D08C20510CD; buildPhases = (D9E81552F9CE2190DE745061, 0D5DF366A10D684AD2947182, 364863F9F2E558B0F50473FC, EA456C8E3DDF7760B8C943DF, D0C3E73D7193110B326B66C8,); buildRules = (); dependencies = (9B0471CE230E3CE071941B7A,); packageProductDependencies = (018A88811128075285F71CF5,);};
1740FBA836B072D66713D812 = {isa = PBXBuildFile; fileRef = 89D914019B131B7556C6B526;};
0AEBF0CC7B0EE446B623CF4E = {isa = PBXBuildFile; fileRef = 33A37D50748B1BB452E702CC;};
52B35220D48521B2703ADF45 = {isa = PBXBuildFile; fileRef = 4C9924279097AA4AEBE9B5BA;};
B6E6EC0CA540E748B1FC4CDE = {isa = PBXBuildFile; fileRef = 0293347D36D623F7E45358EF;};
5BC0DD4B0665631104A23639 = {isa = PBXBuildFile; fileRef = 9CFDAF9A9ADA22FE9ECB09D2;};
BAB3A8E2B305160BED1A9A75 = {isa = PBXBuildFile; fileRef = 652D413485F67D18167BC12E;};
7D3102810D6B03A10EA84E51 = {isa = PBXBuildFile; fileRef = CCF4E96CD0A1CF56F1776752;};
BF3A7159E8F0F08DB196631C = {isa = PBXBuildFile; fileRef = 312B992CC91BA0EEE532C3BA;};
D5F4836AEF7C6B1247F85A2F = {isa = PBXBuildFile; fileRef = EC6CA8A8EEAB32E4B5D1E968;};
7CB98D8521378C85E44F9D83 = {isa = PBXBuildFile; fileRef = 746FC838A63857447A7EA5C4;};
C6041561203DC7FD0682D1C6 = {isa = PBXBuildFile; fileRef = 6D67A3A5E6CD75F2AACE3FE6;};
FDEE545A44D413BF84B85369 = {isa = PBXBuildFile; fileRef = 543F43FD51F2F2C1E5DE987B;};
216F3DC50D434CE5BC039ED2 = {isa = PBXBuildFile; fileRef = ED718EB23A108A769F5F92F6;};
F9545B4D6734042BD566B740 = {isa = PBXBuildFile; fileRef = A66DC530F3B191E89AD1CB05;};
4A0677C308227EC390C82D65 = {isa = PBXBuildFile; fileRef = 19FBED5E8635A647D5BA5B6F;};
9A5B842B9A6C841E3CEB7061 = {isa = PBXBuildFile; fileRef = 21971FBC2651B3218CA1FD52;};
43BCF17C4F2DD845E6AC942E = {isa = PBXBuildFile; fileRef = F14BA732D868C56B2CD88526;};
13C161413ABE7CFE4D8CE395 = {isa = PBXBuildFile; fileRef = DDD45A98644E445D7CA90679;};
478112DB5136C506DB75B95F = {isa = PBXSourcesBuildPhase; buildActionMask = 2147483647; files = (1740FBA836B072D66713D812, 0AEBF0CC7B0EE446B623CF4E, 52B35220D48521B2703ADF45, B6E6EC0CA540E748B1FC4CDE, 5BC0DD4B0665631104A23639, BAB3A8E2B305160BED1A9A75, 7D3102810D6B03A10EA84E51, BF3A7159E8F0F08DB196631C, D5F4836AEF7C6B1247F85A2F, 7CB98D8521378C85E44F9D83, C6041561203DC7FD0682D1C6, FDEE545A44D413BF84B85369, 216F3DC50D434CE5BC039ED2, F9545B4D6734042BD566B740, 4A0677C308227EC390C82D65, 9A5B842B9A6C841E3CEB7061, 43BCF17C4F2DD845E6AC942E, 13C161413ABE7CFE4D8CE395,); runOnlyForDeploymentPostprocessing = 0;};
6EB6E2C3896283FFFDD73B28 = {isa = PBXBuildFile; fileRef = 320F7ADF62C925B04D88E7B6;};
9AB2EB958CE8AA6CAE3A13AD = {isa = PBXTargetDependency; target = EAAD24DC2567345D6BC01C1D;};
29838BF8A673DC6072BE5770 = {isa = PBXFrameworksBuildPhase; buildActionMask = 2147483647; files = (6EB6E2C3896283FFFDD73B28,); runOnlyForDeploymentPostprocessing = 0;};
C1091E1AF0A0F24832046BF9 = {isa = XCBuildConfiguration; name = Debug; buildSettings = {PRODUCT_NAME = "$(TARGET_NAME)";PRODUCT_BUNDLE_IDENTIFIER = com.msgblast.msgblastTests;MACOSX_DEPLOYMENT_TARGET = 15.0;SWIFT_VERSION = 6.0;CODE_SIGN_STYLE = Automatic;CODE_SIGN_IDENTITY = "-";ENABLE_HARDENED_RUNTIME = NO;ENABLE_TESTABILITY = YES;GENERATE_INFOPLIST_FILE = YES;LD_RUNPATH_SEARCH_PATHS = "$(inherited) @executable_path/../Frameworks @loader_path/../Frameworks";SWIFT_OPTIMIZATION_LEVEL = "-Onone";SWIFT_ACTIVE_COMPILATION_CONDITIONS = "DEBUG";};};
2A5927183E4E757E1C7CD957 = {isa = XCBuildConfiguration; name = Release; buildSettings = {PRODUCT_NAME = "$(TARGET_NAME)";PRODUCT_BUNDLE_IDENTIFIER = com.msgblast.msgblastTests;MACOSX_DEPLOYMENT_TARGET = 15.0;SWIFT_VERSION = 6.0;CODE_SIGN_STYLE = Automatic;CODE_SIGN_IDENTITY = "-";ENABLE_HARDENED_RUNTIME = NO;ENABLE_TESTABILITY = YES;GENERATE_INFOPLIST_FILE = YES;LD_RUNPATH_SEARCH_PATHS = "$(inherited) @executable_path/../Frameworks @loader_path/../Frameworks";SWIFT_OPTIMIZATION_LEVEL = "-O";SWIFT_ACTIVE_COMPILATION_CONDITIONS = "";};};
4F67FFEF7A5657FACC5AF368 = {isa = XCConfigurationList; buildConfigurations = (C1091E1AF0A0F24832046BF9, 2A5927183E4E757E1C7CD957,); defaultConfigurationIsVisible = 0; defaultConfigurationName = Debug;};
6538C16E236837E471708B59 = {isa = PBXNativeTarget; name = msgblastTests; productName = msgblastTests; productReference = 31EB697C4B367509EECA8398; productType = "com.apple.product-type.bundle.unit-test"; buildConfigurationList = 4F67FFEF7A5657FACC5AF368; buildPhases = (478112DB5136C506DB75B95F, 29838BF8A673DC6072BE5770,); buildRules = (); dependencies = (9AB2EB958CE8AA6CAE3A13AD,); packageProductDependencies = ();};
A60BA369FA0676A00D01151C = {isa = PBXBuildFile; fileRef = 29C749307686B0DDC0B001B3;};
FEA459CE77A012570D9646E4 = {isa = PBXBuildFile; fileRef = 90C18DC964260BE67B46585D;};
74709D8FA6B88AB77196B5FE = {isa = PBXBuildFile; fileRef = 59B272F42E8C0109CA5B256A;};
B86CAB086D56901EF54E0E33 = {isa = PBXBuildFile; fileRef = 51192248A824A3F35C8A9065;};
4BF903EAF9039B71B9242969 = {isa = PBXSourcesBuildPhase; buildActionMask = 2147483647; files = (A60BA369FA0676A00D01151C, FEA459CE77A012570D9646E4, 74709D8FA6B88AB77196B5FE, B86CAB086D56901EF54E0E33,); runOnlyForDeploymentPostprocessing = 0;};
9EFF319D265BCCCF93D0361E = {isa = PBXFrameworksBuildPhase; buildActionMask = 2147483647; files = (); runOnlyForDeploymentPostprocessing = 0;};
DAEAA1855443901EF7F8AFF5 = {isa = PBXTargetDependency; target = BF93C0AF741487E6F52B0860;};
9A171F403D0F3577D22BFC4A = {isa = XCBuildConfiguration; name = Debug; buildSettings = {PRODUCT_NAME = "$(TARGET_NAME)";PRODUCT_BUNDLE_IDENTIFIER = com.msgblast.msgblastUITests;MACOSX_DEPLOYMENT_TARGET = 15.0;SWIFT_VERSION = 6.0;CODE_SIGN_STYLE = Automatic;CODE_SIGN_IDENTITY = "-";ENABLE_HARDENED_RUNTIME = NO;ENABLE_TESTABILITY = YES;GENERATE_INFOPLIST_FILE = YES;LD_RUNPATH_SEARCH_PATHS = "$(inherited) @executable_path/../Frameworks @loader_path/../Frameworks";TEST_TARGET_NAME = msgblast;SWIFT_OPTIMIZATION_LEVEL = "-Onone";SWIFT_ACTIVE_COMPILATION_CONDITIONS = "DEBUG";};};
8C604A0D7FCFEBF911DB93F8 = {isa = XCBuildConfiguration; name = Release; buildSettings = {PRODUCT_NAME = "$(TARGET_NAME)";PRODUCT_BUNDLE_IDENTIFIER = com.msgblast.msgblastUITests;MACOSX_DEPLOYMENT_TARGET = 15.0;SWIFT_VERSION = 6.0;CODE_SIGN_STYLE = Automatic;CODE_SIGN_IDENTITY = "-";ENABLE_HARDENED_RUNTIME = NO;ENABLE_TESTABILITY = YES;GENERATE_INFOPLIST_FILE = YES;LD_RUNPATH_SEARCH_PATHS = "$(inherited) @executable_path/../Frameworks @loader_path/../Frameworks";TEST_TARGET_NAME = msgblast;SWIFT_OPTIMIZATION_LEVEL = "-O";SWIFT_ACTIVE_COMPILATION_CONDITIONS = "";};};
919EAA53DFF7E869097BD928 = {isa = XCConfigurationList; buildConfigurations = (9A171F403D0F3577D22BFC4A, 8C604A0D7FCFEBF911DB93F8,); defaultConfigurationIsVisible = 0; defaultConfigurationName = Debug;};
F9E1BA377B32FEEA72CF1DBC = {isa = PBXNativeTarget; name = msgblastUITests; productName = msgblastUITests; productReference = 8DC9C3D3D4760AA656E69F92; productType = "com.apple.product-type.bundle.ui-testing"; buildConfigurationList = 919EAA53DFF7E869097BD928; buildPhases = (4BF903EAF9039B71B9242969, 9EFF319D265BCCCF93D0361E,); buildRules = (); dependencies = (DAEAA1855443901EF7F8AFF5,); packageProductDependencies = ();};
89E1FD6268CC0F221A2BE178 = {isa = XCBuildConfiguration; name = Debug; buildSettings = {SDKROOT = macosx;CLANG_ENABLE_MODULES = YES;SWIFT_VERSION = 6.0;MACOSX_DEPLOYMENT_TARGET = 15.0;SWIFT_OPTIMIZATION_LEVEL = "-Onone";SWIFT_ACTIVE_COMPILATION_CONDITIONS = "DEBUG";};};
E6DE6C99132752C914FEF632 = {isa = XCBuildConfiguration; name = Release; buildSettings = {SDKROOT = macosx;CLANG_ENABLE_MODULES = YES;SWIFT_VERSION = 6.0;MACOSX_DEPLOYMENT_TARGET = 15.0;SWIFT_OPTIMIZATION_LEVEL = "-O";SWIFT_ACTIVE_COMPILATION_CONDITIONS = "";};};
862894B703A6DEDF96A9DD6C = {isa = XCConfigurationList; buildConfigurations = (89E1FD6268CC0F221A2BE178, E6DE6C99132752C914FEF632,); defaultConfigurationIsVisible = 0; defaultConfigurationName = Debug;};
98F54143AB4E86B28C3AFEE0 = {isa = PBXProject; attributes = {LastUpgradeCheck = 2700;}; buildConfigurationList = 862894B703A6DEDF96A9DD6C; compatibilityVersion = "Xcode 14.0"; developmentRegion = en; hasScannedForEncodings = 0; knownRegions = (en, Base,); mainGroup = E50290A24C49A459B43487C5; productRefGroup = FBDC4F23F93125BBEEAE800C; projectDirPath = ""; projectRoot = ""; packageReferences = (C6DA1B2433073F83FF5C5BF4,); targets = (EAAD24DC2567345D6BC01C1D, BF93C0AF741487E6F52B0860, 6538C16E236837E471708B59, F9E1BA377B32FEEA72CF1DBC,);};
}; rootObject = 98F54143AB4E86B28C3AFEE0;}
